
Microsoft Visual Studio Solution File, Format Version 12.00
# Visual Studio Version 16
VisualStudioVersion = 16.0.30804.86
MinimumVisualStudioVersion = 10.0.40219.1
Project("{FAE04EC0-301F-11D3-BF4B-00C04F79EFBC}") = "Treino-Conjunto2", "Treino-Conjunto2\Treino-Conjunto2.csproj", "{693AD3C8-4B1F-4375-8B96-82F676DFF44B}"
EndProject
Global
	GlobalSection(SolutionConfigurationPlatforms) = preSolution
		Debug|Any CPU = Debug|Any CPU
		Release|Any CPU = Release|Any CPU
	EndGlobalSection
	GlobalSection(ProjectConfigurationPlatforms) = postSolution
		{693AD3C8-4B1F-4375-8B96-82F676DFF44B}.Debug|Any CPU.ActiveCfg = Debug|Any CPU
		{693AD3C8-4B1F-4375-8B96-82F676DFF44B}.Debug|Any CPU.Build.0 = Debug|Any CPU
		{693AD3C8-4B1F-4375-8B96-82F676DFF44B}.Release|Any CPU.ActiveCfg = Release|Any CPU
		{693AD3C8-4B1F-4375-8B96-82F676DFF44B}.Release|Any CPU.Build.0 = Release|Any CPU
	EndGlobalSection
	GlobalSection(SolutionProperties) = preSolution
		HideSolutionNode = FALSE
	EndGlobalSection
	GlobalSection(ExtensibilityGlobals) = postSolution
		SolutionGuid = {6303200C-D34C-49FE-9774-9104B949E234}
	EndGlobalSection
EndGlobal
